%{
  "cowboy": {:hex, :cowboy, "1.0.4", "a324a8df9f2316c833a470d918aaf73ae894278b8aa6226ce7a9bf699388f878", [:make, :rebar], [{:cowlib, "~> 1.0.0", [hex: :cowlib, repo: "hexpm", optional: false]}, {:ranch, "~> 1.0", [hex: :ranch, repo: "hexpm", optional: false]}], "hexpm", "6a0edee96885fae3a8dd0ac1f333538a42e807db638a9453064ccfdaa6b9fdac"},
  "cowlib": {:hex, :cowlib, "1.0.2", "9d769a1d062c9c3ac753096f868ca121e2730b9a377de23dec0f7e08b1df84ee", [:make], [], "hexpm", "db622da03aa039e6366ab953e31186cc8190d32905e33788a1acb22744e6abd2"},
  "ewebmachine": {:hex, :ewebmachine, "2.2.0", "30dcd436ea24a8dd8a012cdebc84df2d8a7e81b4f96bdca473e95e00f13d42d3", [:mix], [{:cowboy, ">= 1.0.0", [hex: :cowboy, repo: "hexpm", optional: true]}, {:plug, ">= 1.0.0", [hex: :plug, repo: "hexpm", optional: false]}], "hexpm", "aaa2be3fe06a2413df0a14e668b4b288c8536122b1b87d2023c502aa79bc593b"},
  "exfsm": {:git, "https://github.com/kbrw/exfsm.git", "38083f1524a8a66e05c99ab6d024c369b9c83726", []},
  "exos": {:hex, :exos, "1.0.0", "4eb19eb958de0c07284a3e6d23966b41e0bce37556120fcf908900b1eeee2b60", [:mix], [], "hexpm", "3659fca730360d11d90db8ccb0206e978c838af48bc46ac096d47ea807b9d324"},
  "mime": {:hex, :mime, "1.4.0", "5066f14944b470286146047d2f73518cf5cca82f8e4815cf35d196b58cf07c47", [:mix], [], "hexpm", "75fa42c4228ea9a23f70f123c74ba7cece6a03b1fd474fe13f6a7a85c6ea4ff6"},
  "plug": {:hex, :plug, "1.3.6", "bcdf94ac0f4bc3b804bdbdbde37ebf598bd7ed2bfa5106ed1ab5984a09b7e75f", [:mix], [{:cowboy, "~> 1.0.1 or ~> 1.1", [hex: :cowboy, repo: "hexpm", optional: true]}, {:mime, "~> 1.0", [hex: :mime, repo: "hexpm", optional: false]}], "hexpm", "3f2f20bddfb606afe53fa3920d562e9b5c0f6f64052f0575c7522d0e8b15817d"},
  "poison": {:hex, :poison, "2.1.0", "f583218ced822675e484648fa26c933d621373f01c6c76bd00005d7bd4b82e27", [:mix], [], "hexpm", "002caaf939b97c84533ef0f621d3ed414ed703fcd03c91ec0dd62043df102c63"},
  "poolboy": {:hex, :poolboy, "1.5.2", "392b007a1693a64540cead79830443abf5762f5d30cf50bc95cb2c1aaafa006b", [:rebar3], [], "hexpm", "dad79704ce5440f3d5a3681c8590b9dc25d1a561e8f5a9c995281012860901e3"},
  "ranch": {:hex, :ranch, "1.7.1", "6b1fab51b49196860b733a49c07604465a47bdb78aa10c1c16a3d199f7f8c881", [:rebar3], [], "hexpm", "451d8527787df716d99dc36162fca05934915db0b6141bbdac2ea8d3c7afc7d7"},
  "reaxt": {:git, "https://github.com/kbrw/reaxt.git", "f013a278e4884de418d13014286d08d40d1e6a65", [tag: "2.1.0"]},
  "rulex": {:git, "https://github.com/kbrw/rulex.git", "cf460a5e4dbadb9da8b0bb28114f9ab2c8ea4825", []},
}
